
Microsoft Visual Studio Solution File, Format Version 12.00
# Visual Studio Version 17
VisualStudioVersion = 17.12.35527.113
MinimumVisualStudioVersion = 10.0.40219.1
Project("{FAE04EC0-301F-11D3-BF4B-00C04F79EFBC}") = "UnknownCampServer.Core", "UnknownCampServer.Core\UnknownCampServer.Core.csproj", "{D1B9AB6D-17D0-455E-A34E-6914B87EF8F1}"
EndProject
Project("{FAE04EC0-301F-11D3-BF4B-00C04F79EFBC}") = "UnknownCampServer.API", "UnknownCampServer.API\UnknownCampServer.API.csproj", "{CD3FE262-A847-469C-885F-6A1DF258D812}"
EndProject
Project("{FAE04EC0-301F-11D3-BF4B-00C04F79EFBC}") = "UnknownCampServer.Infrastructure", "UnknownCampServer.Infrastructure\UnknownCampServer.Infrastructure.csproj", "{D8B99B01-9DF3-456F-9651-4A84EDA88D33}"
EndProject
Global
	GlobalSection(SolutionConfigurationPlatforms) = preSolution
		Debug|Any CPU = Debug|Any CPU
		Release|Any CPU = Release|Any CPU
	EndGlobalSection
	GlobalSection(ProjectConfigurationPlatforms) = postSolution
		{D1B9AB6D-17D0-455E-A34E-6914B87EF8F1}.Debug|Any CPU.ActiveCfg = Debug|Any CPU
		{D1B9AB6D-17D0-455E-A34E-6914B87EF8F1}.Debug|Any CPU.Build.0 = Debug|Any CPU
		{D1B9AB6D-17D0-455E-A34E-6914B87EF8F1}.Release|Any CPU.ActiveCfg = Release|Any CPU
		{D1B9AB6D-17D0-455E-A34E-6914B87EF8F1}.Release|Any CPU.Build.0 = Release|Any CPU
		{CD3FE262-A847-469C-885F-6A1DF258D812}.Debug|Any CPU.ActiveCfg = Debug|Any CPU
		{CD3FE262-A847-469C-885F-6A1DF258D812}.Debug|Any CPU.Build.0 = Debug|Any CPU
		{CD3FE262-A847-469C-885F-6A1DF258D812}.Release|Any CPU.ActiveCfg = Release|Any CPU
		{CD3FE262-A847-469C-885F-6A1DF258D812}.Release|Any CPU.Build.0 = Release|Any CPU
		{D8B99B01-9DF3-456F-9651-4A84EDA88D33}.Debug|Any CPU.ActiveCfg = Debug|Any CPU
		{D8B99B01-9DF3-456F-9651-4A84EDA88D33}.Debug|Any CPU.Build.0 = Debug|Any CPU
		{D8B99B01-9DF3-456F-9651-4A84EDA88D33}.Release|Any CPU.ActiveCfg = Release|Any CPU
		{D8B99B01-9DF3-456F-9651-4A84EDA88D33}.Release|Any CPU.Build.0 = Release|Any CPU
	EndGlobalSection
	GlobalSection(SolutionProperties) = preSolution
		HideSolutionNode = FALSE
	EndGlobalSection
EndGlobal
